
Microsoft Visual Studio Solution File, Format Version 12.00
# Visual Studio Version 16
VisualStudioVersion = 16.0.30413.136
MinimumVisualStudioVersion = 10.0.40219.1
Project("{9A19103F-16F7-4668-BE54-9A1E7A4F7556}") = "RepoMVC", "RepoMVC.csproj", "{7FF495D0-F742-45E4-8B2C-97E3FEDAD9AD}"
EndProject
Project("{9A19103F-16F7-4668-BE54-9A1E7A4F7556}") = "RepoUowAPI", "..\RepoUowAPI\RepoUowAPI.csproj", "{16E59AB5-347C-45C4-81A8-3FB3F9C483F2}"
EndProject
Global
	GlobalSection(SolutionConfigurationPlatforms) = preSolution
		Debug|Any CPU = Debug|Any CPU
		Release|Any CPU = Release|Any CPU
	EndGlobalSection
	GlobalSection(ProjectConfigurationPlatforms) = postSolution
		{7FF495D0-F742-45E4-8B2C-97E3FEDAD9AD}.Debug|Any CPU.ActiveCfg = Debug|Any CPU
		{7FF495D0-F742-45E4-8B2C-97E3FEDAD9AD}.Debug|Any CPU.Build.0 = Debug|Any CPU
		{7FF495D0-F742-45E4-8B2C-97E3FEDAD9AD}.Release|Any CPU.ActiveCfg = Release|Any CPU
		{7FF495D0-F742-45E4-8B2C-97E3FEDAD9AD}.Release|Any CPU.Build.0 = Release|Any CPU
		{16E59AB5-347C-45C4-81A8-3FB3F9C483F2}.Debug|Any CPU.ActiveCfg = Debug|Any CPU
		{16E59AB5-347C-45C4-81A8-3FB3F9C483F2}.Debug|Any CPU.Build.0 = Debug|Any CPU
		{16E59AB5-347C-45C4-81A8-3FB3F9C483F2}.Release|Any CPU.ActiveCfg = Release|Any CPU
		{16E59AB5-347C-45C4-81A8-3FB3F9C483F2}.Release|Any CPU.Build.0 = Release|Any CPU
	EndGlobalSection
	GlobalSection(SolutionProperties) = preSolution
		HideSolutionNode = FALSE
	EndGlobalSection
	GlobalSection(ExtensibilityGlobals) = postSolution
		SolutionGuid = {D952A4B1-F248-47E4-8C32-A3CE2A2E4D99}
	EndGlobalSection
EndGlobal
